
Microsoft Visual Studio Solution File, Format Version 12.00
# Visual Studio 15
VisualStudioVersion = 15.0.27130.2020
MinimumVisualStudioVersion = 10.0.40219.1
Project("{FAE04EC0-301F-11D3-BF4B-00C04F79EFBC}") = "Products.Android", "Products\Products.Android\Products.Android.csproj", "{6567A3BC-186A-4AD9-B0B6-79A82A3C95E7}"
EndProject
Project("{FAE04EC0-301F-11D3-BF4B-00C04F79EFBC}") = "Products.iOS", "Products\Products.iOS\Products.iOS.csproj", "{0D47A795-BF56-4EA2-B8C9-B0F695D1DBA5}"
EndProject
Project("{9A19103F-16F7-4668-BE54-9A1E7A4F7556}") = "Products", "Products\Products\Products.csproj", "{9E1F6DA5-D583-41EE-AF53-BCFB0F4A6E40}"
EndProject
Project("{FAE04EC0-301F-11D3-BF4B-00C04F79EFBC}") = "Products.Domain", "Products.Domain\Products.Domain.csproj", "{A77EEBDB-5786-4C4D-A801-F9191EDB1CC6}"
EndProject
Project("{FAE04EC0-301F-11D3-BF4B-00C04F79EFBC}") = "Products.Backend", "Products.Backend\Products.Backend.csproj", "{5F1635C3-3D9F-4CD8-907F-136699A182ED}"
EndProject
Project("{FAE04EC0-301F-11D3-BF4B-00C04F79EFBC}") = "Products.API", "Products.API\Products.API.csproj", "{ECD71B8D-D822-46D8-A67F-A89C4C6CF1C4}"
EndProject
Global
	GlobalSection(SolutionConfigurationPlatforms) = preSolution
		Ad-Hoc|Any CPU = Ad-Hoc|Any CPU
		Ad-Hoc|iPhone = Ad-Hoc|iPhone
		Ad-Hoc|iPhoneSimulator = Ad-Hoc|iPhoneSimulator
		AppStore|Any CPU = AppStore|Any CPU
		AppStore|iPhone = AppStore|iPhone
		AppStore|iPhoneSimulator = AppStore|iPhoneSimulator
		Debug|Any CPU = Debug|Any CPU
		Debug|iPhone = Debug|iPhone
		Debug|iPhoneSimulator = Debug|iPhoneSimulator
		Release|Any CPU = Release|Any CPU
		Release|iPhone = Release|iPhone
		Release|iPhoneSimulator = Release|iPhoneSimulator
	EndGlobalSection
	GlobalSection(ProjectConfigurationPlatforms) = postSolution
		{6567A3BC-186A-4AD9-B0B6-79A82A3C95E7}.Ad-Hoc|Any CPU.ActiveCfg = Release|Any CPU
		{6567A3BC-186A-4AD9-B0B6-79A82A3C95E7}.Ad-Hoc|Any CPU.Build.0 = Release|Any CPU
		{6567A3BC-186A-4AD9-B0B6-79A82A3C95E7}.Ad-Hoc|Any CPU.Deploy.0 = Release|Any CPU
		{6567A3BC-186A-4AD9-B0B6-79A82A3C95E7}.Ad-Hoc|iPhone.ActiveCfg = Release|Any CPU
		{6567A3BC-186A-4AD9-B0B6-79A82A3C95E7}.Ad-Hoc|iPhone.Build.0 = Release|Any CPU
		{6567A3BC-186A-4AD9-B0B6-79A82A3C95E7}.Ad-Hoc|iPhone.Deploy.0 = Release|Any CPU
		{6567A3BC-186A-4AD9-B0B6-79A82A3C95E7}.Ad-Hoc|iPhoneSimulator.ActiveCfg = Release|Any CPU
		{6567A3BC-186A-4AD9-B0B6-79A82A3C95E7}.Ad-Hoc|iPhoneSimulator.Build.0 = Release|Any CPU
		{6567A3BC-186A-4AD9-B0B6-79A82A3C95E7}.Ad-Hoc|iPhoneSimulator.Deploy.0 = Release|Any CPU
		{6567A3BC-186A-4AD9-B0B6-79A82A3C95E7}.AppStore|Any CPU.ActiveCfg = Release|Any CPU
		{6567A3BC-186A-4AD9-B0B6-79A82A3C95E7}.AppStore|Any CPU.Build.0 = Release|Any CPU
		{6567A3BC-186A-4AD9-B0B6-79A82A3C95E7}.AppStore|Any CPU.Deploy.0 = Release|Any CPU
		{6567A3BC-186A-4AD9-B0B6-79A82A3C95E7}.AppStore|iPhone.ActiveCfg = Release|Any CPU
		{6567A3BC-186A-4AD9-B0B6-79A82A3C95E7}.AppStore|iPhone.Build.0 = Release|Any CPU
		{6567A3BC-186A-4AD9-B0B6-79A82A3C95E7}.AppStore|iPhone.Deploy.0 = Release|Any CPU
		{6567A3BC-186A-4AD9-B0B6-79A82A3C95E7}.AppStore|iPhoneSimulator.ActiveCfg = Release|Any CPU
		{6567A3BC-186A-4AD9-B0B6-79A82A3C95E7}.AppStore|iPhoneSimulator.Build.0 = Release|Any CPU
		{6567A3BC-186A-4AD9-B0B6-79A82A3C95E7}.AppStore|iPhoneSimulator.Deploy.0 = Release|Any CPU
		{6567A3BC-186A-4AD9-B0B6-79A82A3C95E7}.Debug|Any CPU.ActiveCfg = Debug|Any CPU
		{6567A3BC-186A-4AD9-B0B6-79A82A3C95E7}.Debug|Any CPU.Build.0 = Debug|Any CPU
		{6567A3BC-186A-4AD9-B0B6-79A82A3C95E7}.Debug|Any CPU.Deploy.0 = Debug|Any CPU
		{6567A3BC-186A-4AD9-B0B6-79A82A3C95E7}.Debug|iPhone.ActiveCfg = Debug|Any CPU
		{6567A3BC-186A-4AD9-B0B6-79A82A3C95E7}.Debug|iPhone.Build.0 = Debug|Any CPU
		{6567A3BC-186A-4AD9-B0B6-79A82A3C95E7}.Debug|iPhone.Deploy.0 = Debug|Any CPU
		{6567A3BC-186A-4AD9-B0B6-79A82A3C95E7}.Debug|iPhoneSimulator.ActiveCfg = Debug|Any CPU
		{6567A3BC-186A-4AD9-B0B6-79A82A3C95E7}.Debug|iPhoneSimulator.Build.0 = Debug|Any CPU
		{6567A3BC-186A-4AD9-B0B6-79A82A3C95E7}.Debug|iPhoneSimulator.Deploy.0 = Debug|Any CPU
		{6567A3BC-186A-4AD9-B0B6-79A82A3C95E7}.Release|Any CPU.ActiveCfg = Release|Any CPU
		{6567A3BC-186A-4AD9-B0B6-79A82A3C95E7}.Release|Any CPU.Build.0 = Release|Any CPU
		{6567A3BC-186A-4AD9-B0B6-79A82A3C95E7}.Release|Any CPU.Deploy.0 = Release|Any CPU
		{6567A3BC-186A-4AD9-B0B6-79A82A3C95E7}.Release|iPhone.ActiveCfg = Release|Any CPU
		{6567A3BC-186A-4AD9-B0B6-79A82A3C95E7}.Release|iPhone.Build.0 = Release|Any CPU
		{6567A3BC-186A-4AD9-B0B6-79A82A3C95E7}.Release|iPhone.Deploy.0 = Release|Any CPU
		{6567A3BC-186A-4AD9-B0B6-79A82A3C95E7}.Release|iPhoneSimulator.ActiveCfg = Release|Any CPU
		{6567A3BC-186A-4AD9-B0B6-79A82A3C95E7}.Release|iPhoneSimulator.Build.0 = Release|Any CPU
		{6567A3BC-186A-4AD9-B0B6-79A82A3C95E7}.Release|iPhoneSimulator.Deploy.0 = Release|Any CPU
		{0D47A795-BF56-4EA2-B8C9-B0F695D1DBA5}.Ad-Hoc|Any CPU.ActiveCfg = Ad-Hoc|iPhone
		{0D47A795-BF56-4EA2-B8C9-B0F695D1DBA5}.Ad-Hoc|iPhone.ActiveCfg = Ad-Hoc|iPhone
		{0D47A795-BF56-4EA2-B8C9-B0F695D1DBA5}.Ad-Hoc|iPhone.Build.0 = Ad-Hoc|iPhone
		{0D47A795-BF56-4EA2-B8C9-B0F695D1DBA5}.Ad-Hoc|iPhoneSimulator.ActiveCfg = Ad-Hoc|iPhoneSimulator
		{0D47A795-BF56-4EA2-B8C9-B0F695D1DBA5}.Ad-Hoc|iPhoneSimulator.Build.0 = Ad-Hoc|iPhoneSimulator
		{0D47A795-BF56-4EA2-B8C9-B0F695D1DBA5}.AppStore|Any CPU.ActiveCfg = AppStore|iPhone
		{0D47A795-BF56-4EA2-B8C9-B0F695D1DBA5}.AppStore|iPhone.ActiveCfg = AppStore|iPhone
		{0D47A795-BF56-4EA2-B8C9-B0F695D1DBA5}.AppStore|iPhone.Build.0 = AppStore|iPhone
		{0D47A795-BF56-4EA2-B8C9-B0F695D1DBA5}.AppStore|iPhoneSimulator.ActiveCfg = AppStore|iPhoneSimulator
		{0D47A795-BF56-4EA2-B8C9-B0F695D1DBA5}.AppStore|iPhoneSimulator.Build.0 = AppStore|iPhoneSimulator
		{0D47A795-BF56-4EA2-B8C9-B0F695D1DBA5}.Debug|Any CPU.ActiveCfg = Debug|iPhone
		{0D47A795-BF56-4EA2-B8C9-B0F695D1DBA5}.Debug|iPhone.ActiveCfg = Debug|iPhone
		{0D47A795-BF56-4EA2-B8C9-B0F695D1DBA5}.Debug|iPhone.Build.0 = Debug|iPhone
		{0D47A795-BF56-4EA2-B8C9-B0F695D1DBA5}.Debug|iPhoneSimulator.ActiveCfg = Debug|iPhoneSimulator
		{0D47A795-BF56-4EA2-B8C9-B0F695D1DBA5}.Debug|iPhoneSimulator.Build.0 = Debug|iPhoneSimulator
		{0D47A795-BF56-4EA2-B8C9-B0F695D1DBA5}.Release|Any CPU.ActiveCfg = Release|iPhone
		{0D47A795-BF56-4EA2-B8C9-B0F695D1DBA5}.Release|iPhone.ActiveCfg = Release|iPhone
		{0D47A795-BF56-4EA2-B8C9-B0F695D1DBA5}.Release|iPhone.Build.0 = Release|iPhone
		{0D47A795-BF56-4EA2-B8C9-B0F695D1DBA5}.Release|iPhoneSimulator.ActiveCfg = Release|iPhoneSimulator
		{0D47A795-BF56-4EA2-B8C9-B0F695D1DBA5}.Release|iPhoneSimulator.Build.0 = Release|iPhoneSimulator
		{9E1F6DA5-D583-41EE-AF53-BCFB0F4A6E40}.Ad-Hoc|Any CPU.ActiveCfg = Debug|Any CPU
		{9E1F6DA5-D583-41EE-AF53-BCFB0F4A6E40}.Ad-Hoc|Any CPU.Build.0 = Debug|Any CPU
		{9E1F6DA5-D583-41EE-AF53-BCFB0F4A6E40}.Ad-Hoc|iPhone.ActiveCfg = Debug|Any CPU
		{9E1F6DA5-D583-41EE-AF53-BCFB0F4A6E40}.Ad-Hoc|iPhone.Build.0 = Debug|Any CPU
		{9E1F6DA5-D583-41EE-AF53-BCFB0F4A6E40}.Ad-Hoc|iPhoneSimulator.ActiveCfg = Debug|Any CPU
		{9E1F6DA5-D583-41EE-AF53-BCFB0F4A6E40}.Ad-Hoc|iPhoneSimulator.Build.0 = Debug|Any CPU
		{9E1F6DA5-D583-41EE-AF53-BCFB0F4A6E40}.AppStore|Any CPU.ActiveCfg = Debug|Any CPU
		{9E1F6DA5-D583-41EE-AF53-BCFB0F4A6E40}.AppStore|Any CPU.Build.0 = Debug|Any CPU
		{9E1F6DA5-D583-41EE-AF53-BCFB0F4A6E40}.AppStore|iPhone.ActiveCfg = Debug|Any CPU
		{9E1F6DA5-D583-41EE-AF53-BCFB0F4A6E40}.AppStore|iPhone.Build.0 = Debug|Any CPU
		{9E1F6DA5-D583-41EE-AF53-BCFB0F4A6E40}.AppStore|iPhoneSimulator.ActiveCfg = Debug|Any CPU
		{9E1F6DA5-D583-41EE-AF53-BCFB0F4A6E40}.AppStore|iPhoneSimulator.Build.0 = Debug|Any CPU
		{9E1F6DA5-D583-41EE-AF53-BCFB0F4A6E40}.Debug|Any CPU.ActiveCfg = Debug|Any CPU
		{9E1F6DA5-D583-41EE-AF53-BCFB0F4A6E40}.Debug|Any CPU.Build.0 = Debug|Any CPU
		{9E1F6DA5-D583-41EE-AF53-BCFB0F4A6E40}.Debug|iPhone.ActiveCfg = Debug|Any CPU
		{9E1F6DA5-D583-41EE-AF53-BCFB0F4A6E40}.Debug|iPhone.Build.0 = Debug|Any CPU
		{9E1F6DA5-D583-41EE-AF53-BCFB0F4A6E40}.Debug|iPhoneSimulator.ActiveCfg = Debug|Any CPU
		{9E1F6DA5-D583-41EE-AF53-BCFB0F4A6E40}.Debug|iPhoneSimulator.Build.0 = Debug|Any CPU
		{9E1F6DA5-D583-41EE-AF53-BCFB0F4A6E40}.Release|Any CPU.ActiveCfg = Release|Any CPU
		{9E1F6DA5-D583-41EE-AF53-BCFB0F4A6E40}.Release|Any CPU.Build.0 = Release|Any CPU
		{9E1F6DA5-D583-41EE-AF53-BCFB0F4A6E40}.Release|iPhone.ActiveCfg = Release|Any CPU
		{9E1F6DA5-D583-41EE-AF53-BCFB0F4A6E40}.Release|iPhone.Build.0 = Release|Any CPU
		{9E1F6DA5-D583-41EE-AF53-BCFB0F4A6E40}.Release|iPhoneSimulator.ActiveCfg = Release|Any CPU
		{9E1F6DA5-D583-41EE-AF53-BCFB0F4A6E40}.Release|iPhoneSimulator.Build.0 = Release|Any CPU
		{A77EEBDB-5786-4C4D-A801-F9191EDB1CC6}.Ad-Hoc|Any CPU.ActiveCfg = Release|Any CPU
		{A77EEBDB-5786-4C4D-A801-F9191EDB1CC6}.Ad-Hoc|Any CPU.Build.0 = Release|Any CPU
		{A77EEBDB-5786-4C4D-A801-F9191EDB1CC6}.Ad-Hoc|iPhone.ActiveCfg = Release|Any CPU
		{A77EEBDB-5786-4C4D-A801-F9191EDB1CC6}.Ad-Hoc|iPhone.Build.0 = Release|Any CPU
		{A77EEBDB-5786-4C4D-A801-F9191EDB1CC6}.Ad-Hoc|iPhoneSimulator.ActiveCfg = Release|Any CPU
		{A77EEBDB-5786-4C4D-A801-F9191EDB1CC6}.Ad-Hoc|iPhoneSimulator.Build.0 = Release|Any CPU
		{A77EEBDB-5786-4C4D-A801-F9191EDB1CC6}.AppStore|Any CPU.ActiveCfg = Release|Any CPU
		{A77EEBDB-5786-4C4D-A801-F9191EDB1CC6}.AppStore|Any CPU.Build.0 = Release|Any CPU
		{A77EEBDB-5786-4C4D-A801-F9191EDB1CC6}.AppStore|iPhone.ActiveCfg = Release|Any CPU
		{A77EEBDB-5786-4C4D-A801-F9191EDB1CC6}.AppStore|iPhone.Build.0 = Release|Any CPU
		{A77EEBDB-5786-4C4D-A801-F9191EDB1CC6}.AppStore|iPhoneSimulator.ActiveCfg = Release|Any CPU
		{A77EEBDB-5786-4C4D-A801-F9191EDB1CC6}.AppStore|iPhoneSimulator.Build.0 = Release|Any CPU
		{A77EEBDB-5786-4C4D-A801-F9191EDB1CC6}.Debug|Any CPU.ActiveCfg = Debug|Any CPU
		{A77EEBDB-5786-4C4D-A801-F9191EDB1CC6}.Debug|Any CPU.Build.0 = Debug|Any CPU
		{A77EEBDB-5786-4C4D-A801-F9191EDB1CC6}.Debug|iPhone.ActiveCfg = Debug|Any CPU
		{A77EEBDB-5786-4C4D-A801-F9191EDB1CC6}.Debug|iPhone.Build.0 = Debug|Any CPU
		{A77EEBDB-5786-4C4D-A801-F9191EDB1CC6}.Debug|iPhoneSimulator.ActiveCfg = Debug|Any CPU
		{A77EEBDB-5786-4C4D-A801-F9191EDB1CC6}.Debug|iPhoneSimulator.Build.0 = Debug|Any CPU
		{A77EEBDB-5786-4C4D-A801-F9191EDB1CC6}.Release|Any CPU.ActiveCfg = Release|Any CPU
		{A77EEBDB-5786-4C4D-A801-F9191EDB1CC6}.Release|Any CPU.Build.0 = Release|Any CPU
		{A77EEBDB-5786-4C4D-A801-F9191EDB1CC6}.Release|iPhone.ActiveCfg = Release|Any CPU
		{A77EEBDB-5786-4C4D-A801-F9191EDB1CC6}.Release|iPhone.Build.0 = Release|Any CPU
		{A77EEBDB-5786-4C4D-A801-F9191EDB1CC6}.Release|iPhoneSimulator.ActiveCfg = Release|Any CPU
		{A77EEBDB-5786-4C4D-A801-F9191EDB1CC6}.Release|iPhoneSimulator.Build.0 = Release|Any CPU
		{5F1635C3-3D9F-4CD8-907F-136699A182ED}.Ad-Hoc|Any CPU.ActiveCfg = Release|Any CPU
		{5F1635C3-3D9F-4CD8-907F-136699A182ED}.Ad-Hoc|Any CPU.Build.0 = Release|Any CPU
		{5F1635C3-3D9F-4CD8-907F-136699A182ED}.Ad-Hoc|iPhone.ActiveCfg = Release|Any CPU
		{5F1635C3-3D9F-4CD8-907F-136699A182ED}.Ad-Hoc|iPhone.Build.0 = Release|Any CPU
		{5F1635C3-3D9F-4CD8-907F-136699A182ED}.Ad-Hoc|iPhoneSimulator.ActiveCfg = Release|Any CPU
		{5F1635C3-3D9F-4CD8-907F-136699A182ED}.Ad-Hoc|iPhoneSimulator.Build.0 = Release|Any CPU
		{5F1635C3-3D9F-4CD8-907F-136699A182ED}.AppStore|Any CPU.ActiveCfg = Release|Any CPU
		{5F1635C3-3D9F-4CD8-907F-136699A182ED}.AppStore|Any CPU.Build.0 = Release|Any CPU
		{5F1635C3-3D9F-4CD8-907F-136699A182ED}.AppStore|iPhone.ActiveCfg = Release|Any CPU
		{5F1635C3-3D9F-4CD8-907F-136699A182ED}.AppStore|iPhone.Build.0 = Release|Any CPU
		{5F1635C3-3D9F-4CD8-907F-136699A182ED}.AppStore|iPhoneSimulator.ActiveCfg = Release|Any CPU
		{5F1635C3-3D9F-4CD8-907F-136699A182ED}.AppStore|iPhoneSimulator.Build.0 = Release|Any CPU
		{5F1635C3-3D9F-4CD8-907F-136699A182ED}.Debug|Any CPU.ActiveCfg = Debug|Any CPU
		{5F1635C3-3D9F-4CD8-907F-136699A182ED}.Debug|Any CPU.Build.0 = Debug|Any CPU
		{5F1635C3-3D9F-4CD8-907F-136699A182ED}.Debug|iPhone.ActiveCfg = Debug|Any CPU
		{5F1635C3-3D9F-4CD8-907F-136699A182ED}.Debug|iPhone.Build.0 = Debug|Any CPU
		{5F1635C3-3D9F-4CD8-907F-136699A182ED}.Debug|iPhoneSimulator.ActiveCfg = Debug|Any CPU
		{5F1635C3-3D9F-4CD8-907F-136699A182ED}.Debug|iPhoneSimulator.Build.0 = Debug|Any CPU
		{5F1635C3-3D9F-4CD8-907F-136699A182ED}.Release|Any CPU.ActiveCfg = Release|Any CPU
		{5F1635C3-3D9F-4CD8-907F-136699A182ED}.Release|Any CPU.Build.0 = Release|Any CPU
		{5F1635C3-3D9F-4CD8-907F-136699A182ED}.Release|iPhone.ActiveCfg = Release|Any CPU
		{5F1635C3-3D9F-4CD8-907F-136699A182ED}.Release|iPhone.Build.0 = Release|Any CPU
		{5F1635C3-3D9F-4CD8-907F-136699A182ED}.Release|iPhoneSimulator.ActiveCfg = Release|Any CPU
		{5F1635C3-3D9F-4CD8-907F-136699A182ED}.Release|iPhoneSimulator.Build.0 = Release|Any CPU
		{ECD71B8D-D822-46D8-A67F-A89C4C6CF1C4}.Ad-Hoc|Any CPU.ActiveCfg = Release|Any CPU
		{ECD71B8D-D822-46D8-A67F-A89C4C6CF1C4}.Ad-Hoc|Any CPU.Build.0 = Release|Any CPU
		{ECD71B8D-D822-46D8-A67F-A89C4C6CF1C4}.Ad-Hoc|iPhone.ActiveCfg = Release|Any CPU
		{ECD71B8D-D822-46D8-A67F-A89C4C6CF1C4}.Ad-Hoc|iPhone.Build.0 = Release|Any CPU
		{ECD71B8D-D822-46D8-A67F-A89C4C6CF1C4}.Ad-Hoc|iPhoneSimulator.ActiveCfg = Release|Any CPU
		{ECD71B8D-D822-46D8-A67F-A89C4C6CF1C4}.Ad-Hoc|iPhoneSimulator.Build.0 = Release|Any CPU
		{ECD71B8D-D822-46D8-A67F-A89C4C6CF1C4}.AppStore|Any CPU.ActiveCfg = Release|Any CPU
		{ECD71B8D-D822-46D8-A67F-A89C4C6CF1C4}.AppStore|Any CPU.Build.0 = Release|Any CPU
		{ECD71B8D-D822-46D8-A67F-A89C4C6CF1C4}.AppStore|iPhone.ActiveCfg = Release|Any CPU
		{ECD71B8D-D822-46D8-A67F-A89C4C6CF1C4}.AppStore|iPhone.Build.0 = Release|Any CPU
		{ECD71B8D-D822-46D8-A67F-A89C4C6CF1C4}.AppStore|iPhoneSimulator.ActiveCfg = Release|Any CPU
		{ECD71B8D-D822-46D8-A67F-A89C4C6CF1C4}.AppStore|iPhoneSimulator.Build.0 = Release|Any CPU
		{ECD71B8D-D822-46D8-A67F-A89C4C6CF1C4}.Debug|Any CPU.ActiveCfg = Debug|Any CPU
		{ECD71B8D-D822-46D8-A67F-A89C4C6CF1C4}.Debug|Any CPU.Build.0 = Debug|Any CPU
		{ECD71B8D-D822-46D8-A67F-A89C4C6CF1C4}.Debug|iPhone.ActiveCfg = Debug|Any CPU
		{ECD71B8D-D822-46D8-A67F-A89C4C6CF1C4}.Debug|iPhone.Build.0 = Debug|Any CPU
		{ECD71B8D-D822-46D8-A67F-A89C4C6CF1C4}.Debug|iPhoneSimulator.ActiveCfg = Debug|Any CPU
		{ECD71B8D-D822-46D8-A67F-A89C4C6CF1C4}.Debug|iPhoneSimulator.Build.0 = Debug|Any CPU
		{ECD71B8D-D822-46D8-A67F-A89C4C6CF1C4}.Release|Any CPU.ActiveCfg = Release|Any CPU
		{ECD71B8D-D822-46D8-A67F-A89C4C6CF1C4}.Release|Any CPU.Build.0 = Release|Any CPU
		{ECD71B8D-D822-46D8-A67F-A89C4C6CF1C4}.Release|iPhone.ActiveCfg = Release|Any CPU
		{ECD71B8D-D822-46D8-A67F-A89C4C6CF1C4}.Release|iPhone.Build.0 = Release|Any CPU
		{ECD71B8D-D822-46D8-A67F-A89C4C6CF1C4}.Release|iPhoneSimulator.ActiveCfg = Release|Any CPU
		{ECD71B8D-D822-46D8-A67F-A89C4C6CF1C4}.Release|iPhoneSimulator.Build.0 = Release|Any CPU
	EndGlobalSection
	GlobalSection(SolutionProperties) = preSolution
		HideSolutionNode = FALSE
	EndGlobalSection
	GlobalSection(ExtensibilityGlobals) = postSolution
		SolutionGuid = {B53CD5AC-497C-4AA9-8702-75682E1DCE60}
	EndGlobalSection
EndGlobal
